
Microsoft Visual Studio Solution File, Format Version 12.00
# Visual Studio Version 17
VisualStudioVersion = 17.11.35312.102
MinimumVisualStudioVersion = 10.0.40219.1
Project("{FAE04EC0-301F-11D3-BF4B-00C04F79EFBC}") = "Employe", "Employe.csproj", "{335EE96E-CE93-4AB9-B5A6-305866D50B7B}"
EndProject
Global
	GlobalSection(SolutionConfigurationPlatforms) = preSolution
		Debug|Any CPU = Debug|Any CPU
		Release|Any CPU = Release|Any CPU
	EndGlobalSection
	GlobalSection(ProjectConfigurationPlatforms) = postSolution
		{335EE96E-CE93-4AB9-B5A6-305866D50B7B}.Debug|Any CPU.ActiveCfg = Debug|Any CPU
		{335EE96E-CE93-4AB9-B5A6-305866D50B7B}.Debug|Any CPU.Build.0 = Debug|Any CPU
		{335EE96E-CE93-4AB9-B5A6-305866D50B7B}.Release|Any CPU.ActiveCfg = Release|Any CPU
		{335EE96E-CE93-4AB9-B5A6-305866D50B7B}.Release|Any CPU.Build.0 = Release|Any CPU
	EndGlobalSection
	GlobalSection(SolutionProperties) = preSolution
		HideSolutionNode = FALSE
	EndGlobalSection
	GlobalSection(ExtensibilityGlobals) = postSolution
		SolutionGuid = {C5F634FC-F44E-48E6-8274-2320C93405B0}
	EndGlobalSection
EndGlobal
